
Microsoft Visual Studio Solution File, Format Version 12.00
# Visual Studio Version 16
VisualStudioVersion = 16.0.29806.167
MinimumVisualStudioVersion = 10.0.40219.1
Project("{E24C65DC-7377-472B-9ABA-BC803B73C61A}") = "CloudDevTraining.Web", "CloudDevTraining.Web\", "{ED2972CD-6753-40F9-B3CC-982154F67C98}"
	ProjectSection(WebsiteProperties) = preProject
		TargetFrameworkMoniker = ".NETFramework,Version%3Dv4.7.2"
		Debug.AspNetCompiler.VirtualPath = "/localhost_1823"
		Debug.AspNetCompiler.PhysicalPath = "CloudDevTraining.Web\"
		Debug.AspNetCompiler.TargetPath = "PrecompiledWeb\localhost_1823\"
		Debug.AspNetCompiler.Updateable = "true"
		Debug.AspNetCompiler.ForceOverwrite = "true"
		Debug.AspNetCompiler.FixedNames = "false"
		Debug.AspNetCompiler.Debug = "True"
		Release.AspNetCompiler.VirtualPath = "/localhost_1823"
		Release.AspNetCompiler.PhysicalPath = "CloudDevTraining.Web\"
		Release.AspNetCompiler.TargetPath = "PrecompiledWeb\localhost_1823\"
		Release.AspNetCompiler.Updateable = "true"
		Release.AspNetCompiler.ForceOverwrite = "true"
		Release.AspNetCompiler.FixedNames = "false"
		Release.AspNetCompiler.Debug = "False"
		VWDPort = "1823"
		SlnRelativePath = "CloudDevTraining.Web\"
		DefaultWebSiteLanguage = "Visual C#"
	EndProjectSection
	ProjectSection(ProjectDependencies) = postProject
		{FA43DF7B-462B-420C-8CBB-1658C9841B19} = {FA43DF7B-462B-420C-8CBB-1658C9841B19}
	EndProjectSection
EndProject
Project("{9A19103F-16F7-4668-BE54-9A1E7A4F7556}") = "CloudDevTraining.Core", "CloudDevTraining.Core\CloudDevTraining.Core.csproj", "{FA43DF7B-462B-420C-8CBB-1658C9841B19}"
EndProject
Global
	GlobalSection(SolutionConfigurationPlatforms) = preSolution
		Debug|Any CPU = Debug|Any CPU
		Release|Any CPU = Release|Any CPU
	EndGlobalSection
	GlobalSection(ProjectConfigurationPlatforms) = postSolution
		{ED2972CD-6753-40F9-B3CC-982154F67C98}.Debug|Any CPU.ActiveCfg = Debug|Any CPU
		{ED2972CD-6753-40F9-B3CC-982154F67C98}.Release|Any CPU.ActiveCfg = Debug|Any CPU
		{FA43DF7B-462B-420C-8CBB-1658C9841B19}.Debug|Any CPU.ActiveCfg = Debug|Any CPU
		{FA43DF7B-462B-420C-8CBB-1658C9841B19}.Debug|Any CPU.Build.0 = Debug|Any CPU
		{FA43DF7B-462B-420C-8CBB-1658C9841B19}.Release|Any CPU.ActiveCfg = Release|Any CPU
		{FA43DF7B-462B-420C-8CBB-1658C9841B19}.Release|Any CPU.Build.0 = Release|Any CPU
	EndGlobalSection
	GlobalSection(SolutionProperties) = preSolution
		HideSolutionNode = FALSE
	EndGlobalSection
	GlobalSection(ExtensibilityGlobals) = postSolution
		SolutionGuid = {0802720E-F664-49F5-B3EF-02E9FC6115F2}
	EndGlobalSection
EndGlobal
